
Microsoft Visual Studio Solution File, Format Version 12.00
# Visual Studio 15
VisualStudioVersion = 15.0.28307.136
MinimumVisualStudioVersion = 10.0.40219.1
Project("{9A19103F-16F7-4668-BE54-9A1E7A4F7556}") = "OTC.Web", "OTC.Web\OTC.Web.csproj", "{5EF8C8CA-1D94-4213-B4BE-5C94E2F84B8A}"
EndProject
Project("{2150E333-8FDC-42A3-9474-1A3956D46DE8}") = "01.Presentation", "01.Presentation", "{6985FB5C-8A4C-44F8-97E5-A253D9673C4D}"
EndProject
Project("{2150E333-8FDC-42A3-9474-1A3956D46DE8}") = "02.Domains", "02.Domains", "{58C47BF4-DE1E-4936-9D6F-07459F6CA30E}"
EndProject
Project("{2150E333-8FDC-42A3-9474-1A3956D46DE8}") = "03.Infrastructure", "03.Infrastructure", "{31A57166-FBAF-485E-B71E-3F90A8804D82}"
EndProject
Project("{2150E333-8FDC-42A3-9474-1A3956D46DE8}") = "04.Common", "04.Common", "{2EDC86E7-77D6-4463-8372-4F8B208E829D}"
EndProject
Project("{2150E333-8FDC-42A3-9474-1A3956D46DE8}") = "05.Documents", "05.Documents", "{DE81977F-8AD4-4E55-BC1F-DDB87A7B6DF7}"
EndProject
Project("{2150E333-8FDC-42A3-9474-1A3956D46DE8}") = "06.Tests", "06.Tests", "{C9FC93C2-D006-49CC-9075-79CA491EDF50}"
EndProject
Project("{9A19103F-16F7-4668-BE54-9A1E7A4F7556}") = "OTC.Data", "OTC.Model\OTC.Data.csproj", "{EEA0A254-6681-4519-927A-771D441C91AD}"
EndProject
Project("{9A19103F-16F7-4668-BE54-9A1E7A4F7556}") = "OTC.Dto", "OTC.Dto\OTC.Dto.csproj", "{9002FD46-05D1-4FC7-8059-93970DBC90F7}"
EndProject
Project("{9A19103F-16F7-4668-BE54-9A1E7A4F7556}") = "OTC.IRepository", "OTC.IRepository\OTC.IRepository.csproj", "{24E80BC8-151A-47FF-A841-80E3A247A47A}"
EndProject
Project("{9A19103F-16F7-4668-BE54-9A1E7A4F7556}") = "OTC.Repository", "OTC.Repository\OTC.Repository.csproj", "{CDEA3229-637C-4B9D-AE10-AF38280AB73A}"
EndProject
Project("{9A19103F-16F7-4668-BE54-9A1E7A4F7556}") = "OTC.CommonHelper", "OTC.CommonHelper\OTC.CommonHelper.csproj", "{449BC9C2-9EE8-45AB-A48F-FFCD158DC833}"
EndProject
Project("{9A19103F-16F7-4668-BE54-9A1E7A4F7556}") = "OTC.Document", "OTC.Document\OTC.Document.csproj", "{0B5A9945-EE80-4A4C-9204-801342D73774}"
EndProject
Global
	GlobalSection(SolutionConfigurationPlatforms) = preSolution
		Debug|Any CPU = Debug|Any CPU
		Release|Any CPU = Release|Any CPU
	EndGlobalSection
	GlobalSection(ProjectConfigurationPlatforms) = postSolution
		{5EF8C8CA-1D94-4213-B4BE-5C94E2F84B8A}.Debug|Any CPU.ActiveCfg = Debug|Any CPU
		{5EF8C8CA-1D94-4213-B4BE-5C94E2F84B8A}.Debug|Any CPU.Build.0 = Debug|Any CPU
		{5EF8C8CA-1D94-4213-B4BE-5C94E2F84B8A}.Release|Any CPU.ActiveCfg = Release|Any CPU
		{5EF8C8CA-1D94-4213-B4BE-5C94E2F84B8A}.Release|Any CPU.Build.0 = Release|Any CPU
		{EEA0A254-6681-4519-927A-771D441C91AD}.Debug|Any CPU.ActiveCfg = Debug|Any CPU
		{EEA0A254-6681-4519-927A-771D441C91AD}.Debug|Any CPU.Build.0 = Debug|Any CPU
		{EEA0A254-6681-4519-927A-771D441C91AD}.Release|Any CPU.ActiveCfg = Release|Any CPU
		{EEA0A254-6681-4519-927A-771D441C91AD}.Release|Any CPU.Build.0 = Release|Any CPU
		{9002FD46-05D1-4FC7-8059-93970DBC90F7}.Debug|Any CPU.ActiveCfg = Debug|Any CPU
		{9002FD46-05D1-4FC7-8059-93970DBC90F7}.Debug|Any CPU.Build.0 = Debug|Any CPU
		{9002FD46-05D1-4FC7-8059-93970DBC90F7}.Release|Any CPU.ActiveCfg = Release|Any CPU
		{9002FD46-05D1-4FC7-8059-93970DBC90F7}.Release|Any CPU.Build.0 = Release|Any CPU
		{24E80BC8-151A-47FF-A841-80E3A247A47A}.Debug|Any CPU.ActiveCfg = Debug|Any CPU
		{24E80BC8-151A-47FF-A841-80E3A247A47A}.Debug|Any CPU.Build.0 = Debug|Any CPU
		{24E80BC8-151A-47FF-A841-80E3A247A47A}.Release|Any CPU.ActiveCfg = Release|Any CPU
		{24E80BC8-151A-47FF-A841-80E3A247A47A}.Release|Any CPU.Build.0 = Release|Any CPU
		{CDEA3229-637C-4B9D-AE10-AF38280AB73A}.Debug|Any CPU.ActiveCfg = Debug|Any CPU
		{CDEA3229-637C-4B9D-AE10-AF38280AB73A}.Debug|Any CPU.Build.0 = Debug|Any CPU
		{CDEA3229-637C-4B9D-AE10-AF38280AB73A}.Release|Any CPU.ActiveCfg = Release|Any CPU
		{CDEA3229-637C-4B9D-AE10-AF38280AB73A}.Release|Any CPU.Build.0 = Release|Any CPU
		{449BC9C2-9EE8-45AB-A48F-FFCD158DC833}.Debug|Any CPU.ActiveCfg = Debug|Any CPU
		{449BC9C2-9EE8-45AB-A48F-FFCD158DC833}.Debug|Any CPU.Build.0 = Debug|Any CPU
		{449BC9C2-9EE8-45AB-A48F-FFCD158DC833}.Release|Any CPU.ActiveCfg = Release|Any CPU
		{449BC9C2-9EE8-45AB-A48F-FFCD158DC833}.Release|Any CPU.Build.0 = Release|Any CPU
		{0B5A9945-EE80-4A4C-9204-801342D73774}.Debug|Any CPU.ActiveCfg = Debug|Any CPU
		{0B5A9945-EE80-4A4C-9204-801342D73774}.Debug|Any CPU.Build.0 = Debug|Any CPU
		{0B5A9945-EE80-4A4C-9204-801342D73774}.Release|Any CPU.ActiveCfg = Release|Any CPU
		{0B5A9945-EE80-4A4C-9204-801342D73774}.Release|Any CPU.Build.0 = Release|Any CPU
	EndGlobalSection
	GlobalSection(SolutionProperties) = preSolution
		HideSolutionNode = FALSE
	EndGlobalSection
	GlobalSection(NestedProjects) = preSolution
		{5EF8C8CA-1D94-4213-B4BE-5C94E2F84B8A} = {6985FB5C-8A4C-44F8-97E5-A253D9673C4D}
		{EEA0A254-6681-4519-927A-771D441C91AD} = {58C47BF4-DE1E-4936-9D6F-07459F6CA30E}
		{9002FD46-05D1-4FC7-8059-93970DBC90F7} = {58C47BF4-DE1E-4936-9D6F-07459F6CA30E}
		{24E80BC8-151A-47FF-A841-80E3A247A47A} = {31A57166-FBAF-485E-B71E-3F90A8804D82}
		{CDEA3229-637C-4B9D-AE10-AF38280AB73A} = {31A57166-FBAF-485E-B71E-3F90A8804D82}
		{449BC9C2-9EE8-45AB-A48F-FFCD158DC833} = {2EDC86E7-77D6-4463-8372-4F8B208E829D}
		{0B5A9945-EE80-4A4C-9204-801342D73774} = {DE81977F-8AD4-4E55-BC1F-DDB87A7B6DF7}
	EndGlobalSection
	GlobalSection(ExtensibilityGlobals) = postSolution
		SolutionGuid = {2D955DF1-01F0-45DA-89FE-23363B6B37AA}
	EndGlobalSection
EndGlobal
